PODS:
  - SDWebImage (4.4.1):
    - SDWebImage/Core (= 4.4.1)
  - SDWebImage/Core (4.4.1)
  - SVProgressHUD (2.2.5)

DEPENDENCIES:
  - SDWebImage
  - SVProgressHUD (~> 2.2)

SPEC REPOS:
  https://github.com/CocoaPods/Specs.git:
    - SDWebImage
    - SVProgressHUD

SPEC CHECKSUMS:
  SDWebImage: 47e9b5b925cbce75946c23f0c42dd19464189af4
  SVProgressHUD: 1428aafac632c1f86f62aa4243ec12008d7a51d6

PODFILE CHECKSUM: 6573c02429260eec0cce614ad5a97ba822744ac8

COCOAPODS: 1.5.0
